
Microsoft Visual Studio Solution File, Format Version 12.00
# Visual Studio Version 17
VisualStudioVersion = 17.9.34622.214
MinimumVisualStudioVersion = 10.0.40219.1
Project("{2150E333-8FDC-42A3-9474-1A3956D46DE8}") = "WebApi", "WebApi", "{DA55598C-96C1-4158-8D7E-FCFAABB1F158}"
EndProject
Project("{9A19103F-16F7-4668-BE54-9A1E7A4F7556}") = "WebApi", "WebApi\WebApi.csproj", "{DD91A7E7-B145-4C15-89A0-80E3061F34A3}"
	ProjectSection(ProjectDependencies) = postProject
		{691ADC60-623C-4AAC-999A-65767C21D319} = {691ADC60-623C-4AAC-999A-65767C21D319}
	EndProjectSection
EndProject
Project("{2150E333-8FDC-42A3-9474-1A3956D46DE8}") = "Domain", "Domain", "{AC88B046-2716-4F96-BC4F-4D5389CE250D}"
EndProject
Project("{9A19103F-16F7-4668-BE54-9A1E7A4F7556}") = "Domain", "Domain\Domain.csproj", "{F5D5A716-1DFD-4C3E-A015-19931A8F5D0E}"
EndProject
Project("{2150E333-8FDC-42A3-9474-1A3956D46DE8}") = "Tests", "Tests", "{9C6E5E79-9F28-4955-8149-3340038F94EB}"
EndProject
Project("{9A19103F-16F7-4668-BE54-9A1E7A4F7556}") = "Tests", "Tests\Tests.csproj", "{39D97E8D-13CF-4DA1-BCB1-CE5FEE115C25}"
EndProject
Project("{2150E333-8FDC-42A3-9474-1A3956D46DE8}") = "Infra", "Infra", "{5B6B37B6-E2FC-4B13-BF4E-6FC3269B93F1}"
EndProject
Project("{9A19103F-16F7-4668-BE54-9A1E7A4F7556}") = "Infra", "Infra\Infra.csproj", "{691ADC60-623C-4AAC-999A-65767C21D319}"
EndProject
Project("{2150E333-8FDC-42A3-9474-1A3956D46DE8}") = "Application", "Application", "{08AADD3C-CF38-437F-AF2C-DC28E91968DB}"
EndProject
Project("{9A19103F-16F7-4668-BE54-9A1E7A4F7556}") = "Application", "Application\Application.csproj", "{C607EA73-1952-4F6E-B9F3-2AECAEC18B6A}"
EndProject
Project("{2150E333-8FDC-42A3-9474-1A3956D46DE8}") = "CrossCutting", "CrossCutting", "{F78CD88D-C016-4671-9D71-E8672CE46BEF}"
EndProject
Project("{9A19103F-16F7-4668-BE54-9A1E7A4F7556}") = "Utils", "CrossCutting\Utils\Utils.csproj", "{C2B85031-5B1E-4980-A910-97240546AAE3}"
EndProject
Global
	GlobalSection(SolutionConfigurationPlatforms) = preSolution
		Debug|Any CPU = Debug|Any CPU
		Release|Any CPU = Release|Any CPU
	EndGlobalSection
	GlobalSection(ProjectConfigurationPlatforms) = postSolution
		{DD91A7E7-B145-4C15-89A0-80E3061F34A3}.Debug|Any CPU.ActiveCfg = Debug|Any CPU
		{DD91A7E7-B145-4C15-89A0-80E3061F34A3}.Debug|Any CPU.Build.0 = Debug|Any CPU
		{DD91A7E7-B145-4C15-89A0-80E3061F34A3}.Release|Any CPU.ActiveCfg = Release|Any CPU
		{DD91A7E7-B145-4C15-89A0-80E3061F34A3}.Release|Any CPU.Build.0 = Release|Any CPU
		{F5D5A716-1DFD-4C3E-A015-19931A8F5D0E}.Debug|Any CPU.ActiveCfg = Debug|Any CPU
		{F5D5A716-1DFD-4C3E-A015-19931A8F5D0E}.Debug|Any CPU.Build.0 = Debug|Any CPU
		{F5D5A716-1DFD-4C3E-A015-19931A8F5D0E}.Release|Any CPU.ActiveCfg = Release|Any CPU
		{F5D5A716-1DFD-4C3E-A015-19931A8F5D0E}.Release|Any CPU.Build.0 = Release|Any CPU
		{39D97E8D-13CF-4DA1-BCB1-CE5FEE115C25}.Debug|Any CPU.ActiveCfg = Debug|Any CPU
		{39D97E8D-13CF-4DA1-BCB1-CE5FEE115C25}.Debug|Any CPU.Build.0 = Debug|Any CPU
		{39D97E8D-13CF-4DA1-BCB1-CE5FEE115C25}.Release|Any CPU.ActiveCfg = Release|Any CPU
		{39D97E8D-13CF-4DA1-BCB1-CE5FEE115C25}.Release|Any CPU.Build.0 = Release|Any CPU
		{691ADC60-623C-4AAC-999A-65767C21D319}.Debug|Any CPU.ActiveCfg = Debug|Any CPU
		{691ADC60-623C-4AAC-999A-65767C21D319}.Debug|Any CPU.Build.0 = Debug|Any CPU
		{691ADC60-623C-4AAC-999A-65767C21D319}.Release|Any CPU.ActiveCfg = Release|Any CPU
		{691ADC60-623C-4AAC-999A-65767C21D319}.Release|Any CPU.Build.0 = Release|Any CPU
		{C607EA73-1952-4F6E-B9F3-2AECAEC18B6A}.Debug|Any CPU.ActiveCfg = Debug|Any CPU
		{C607EA73-1952-4F6E-B9F3-2AECAEC18B6A}.Debug|Any CPU.Build.0 = Debug|Any CPU
		{C607EA73-1952-4F6E-B9F3-2AECAEC18B6A}.Release|Any CPU.ActiveCfg = Release|Any CPU
		{C607EA73-1952-4F6E-B9F3-2AECAEC18B6A}.Release|Any CPU.Build.0 = Release|Any CPU
		{C2B85031-5B1E-4980-A910-97240546AAE3}.Debug|Any CPU.ActiveCfg = Debug|Any CPU
		{C2B85031-5B1E-4980-A910-97240546AAE3}.Debug|Any CPU.Build.0 = Debug|Any CPU
		{C2B85031-5B1E-4980-A910-97240546AAE3}.Release|Any CPU.ActiveCfg = Release|Any CPU
		{C2B85031-5B1E-4980-A910-97240546AAE3}.Release|Any CPU.Build.0 = Release|Any CPU
	EndGlobalSection
	GlobalSection(SolutionProperties) = preSolution
		HideSolutionNode = FALSE
	EndGlobalSection
	GlobalSection(NestedProjects) = preSolution
		{DD91A7E7-B145-4C15-89A0-80E3061F34A3} = {DA55598C-96C1-4158-8D7E-FCFAABB1F158}
		{F5D5A716-1DFD-4C3E-A015-19931A8F5D0E} = {AC88B046-2716-4F96-BC4F-4D5389CE250D}
		{39D97E8D-13CF-4DA1-BCB1-CE5FEE115C25} = {9C6E5E79-9F28-4955-8149-3340038F94EB}
		{691ADC60-623C-4AAC-999A-65767C21D319} = {5B6B37B6-E2FC-4B13-BF4E-6FC3269B93F1}
		{C607EA73-1952-4F6E-B9F3-2AECAEC18B6A} = {08AADD3C-CF38-437F-AF2C-DC28E91968DB}
		{C2B85031-5B1E-4980-A910-97240546AAE3} = {F78CD88D-C016-4671-9D71-E8672CE46BEF}
	EndGlobalSection
	GlobalSection(ExtensibilityGlobals) = postSolution
		SolutionGuid = {1016E3A4-AA94-4ADB-93E3-EEC9A2141B46}
	EndGlobalSection
EndGlobal
